
Microsoft Visual Studio Solution File, Format Version 12.00
# Visual Studio Version 17
VisualStudioVersion = 17.2.32505.173
MinimumVisualStudioVersion = 10.0.40219.1
Project("{9A19103F-16F7-4668-BE54-9A1E7A4F7556}") = "POO_TaxCalc", "POO_TaxCalc\POO_TaxCalc.csproj", "{F325AC19-A272-4BD9-8F37-768D49475E47}"
EndProject
Project("{9A19103F-16F7-4668-BE54-9A1E7A4F7556}") = "POO_TaxCalc.Domain", "POO_TaxCalc.Domain\POO_TaxCalc.Domain.csproj", "{97520BA0-B740-4741-9D83-38300FD58F85}"
EndProject
Project("{9A19103F-16F7-4668-BE54-9A1E7A4F7556}") = "POO_TaxCalc.Presentation", "POO_TaxCalc.Presentation\POO_TaxCalc.Presentation.csproj", "{9C1023E6-9C07-455F-9BA6-B3DB8B8D3FBD}"
EndProject
Project("{9A19103F-16F7-4668-BE54-9A1E7A4F7556}") = "POO_TaxCalc.Services", "POO_TaxCalc.Services\POO_TaxCalc.Services.csproj", "{F1562CDB-4A2C-41ED-ACA7-1B919E6C7C90}"
EndProject
Project("{FAE04EC0-301F-11D3-BF4B-00C04F79EFBC}") = "POO_TaxCalc.Infrastructure", "POO_TaxCalc.Infrastructure\POO_TaxCalc.Infrastructure.csproj", "{597F8A51-3871-46F3-9FD7-565F53262A99}"
EndProject
Global
	GlobalSection(SolutionConfigurationPlatforms) = preSolution
		Debug|Any CPU = Debug|Any CPU
		Release|Any CPU = Release|Any CPU
	EndGlobalSection
	GlobalSection(ProjectConfigurationPlatforms) = postSolution
		{F325AC19-A272-4BD9-8F37-768D49475E47}.Debug|Any CPU.ActiveCfg = Debug|Any CPU
		{F325AC19-A272-4BD9-8F37-768D49475E47}.Debug|Any CPU.Build.0 = Debug|Any CPU
		{F325AC19-A272-4BD9-8F37-768D49475E47}.Release|Any CPU.ActiveCfg = Release|Any CPU
		{F325AC19-A272-4BD9-8F37-768D49475E47}.Release|Any CPU.Build.0 = Release|Any CPU
		{97520BA0-B740-4741-9D83-38300FD58F85}.Debug|Any CPU.ActiveCfg = Debug|Any CPU
		{97520BA0-B740-4741-9D83-38300FD58F85}.Debug|Any CPU.Build.0 = Debug|Any CPU
		{97520BA0-B740-4741-9D83-38300FD58F85}.Release|Any CPU.ActiveCfg = Release|Any CPU
		{97520BA0-B740-4741-9D83-38300FD58F85}.Release|Any CPU.Build.0 = Release|Any CPU
		{9C1023E6-9C07-455F-9BA6-B3DB8B8D3FBD}.Debug|Any CPU.ActiveCfg = Debug|Any CPU
		{9C1023E6-9C07-455F-9BA6-B3DB8B8D3FBD}.Debug|Any CPU.Build.0 = Debug|Any CPU
		{9C1023E6-9C07-455F-9BA6-B3DB8B8D3FBD}.Release|Any CPU.ActiveCfg = Release|Any CPU
		{9C1023E6-9C07-455F-9BA6-B3DB8B8D3FBD}.Release|Any CPU.Build.0 = Release|Any CPU
		{F1562CDB-4A2C-41ED-ACA7-1B919E6C7C90}.Debug|Any CPU.ActiveCfg = Debug|Any CPU
		{F1562CDB-4A2C-41ED-ACA7-1B919E6C7C90}.Debug|Any CPU.Build.0 = Debug|Any CPU
		{F1562CDB-4A2C-41ED-ACA7-1B919E6C7C90}.Release|Any CPU.ActiveCfg = Release|Any CPU
		{F1562CDB-4A2C-41ED-ACA7-1B919E6C7C90}.Release|Any CPU.Build.0 = Release|Any CPU
		{597F8A51-3871-46F3-9FD7-565F53262A99}.Debug|Any CPU.ActiveCfg = Debug|Any CPU
		{597F8A51-3871-46F3-9FD7-565F53262A99}.Debug|Any CPU.Build.0 = Debug|Any CPU
		{597F8A51-3871-46F3-9FD7-565F53262A99}.Release|Any CPU.ActiveCfg = Release|Any CPU
		{597F8A51-3871-46F3-9FD7-565F53262A99}.Release|Any CPU.Build.0 = Release|Any CPU
	EndGlobalSection
	GlobalSection(SolutionProperties) = preSolution
		HideSolutionNode = FALSE
	EndGlobalSection
	GlobalSection(ExtensibilityGlobals) = postSolution
		SolutionGuid = {1763AA6A-9239-4289-9A60-9F4987776FEC}
	EndGlobalSection
EndGlobal
